
Microsoft Visual Studio Solution File, Format Version 12.00
# Visual Studio Version 17
VisualStudioVersion = 17.6.33815.320
MinimumVisualStudioVersion = 10.0.40219.1
Project("{FAE04EC0-301F-11D3-BF4B-00C04F79EFBC}") = "MVCCoreProject2", "MVCCoreProject2\MVCCoreProject2.csproj", "{B0B5DAAE-0146-4C0C-B59F-4156BAEC1DA4}"
EndProject
Global
	GlobalSection(SolutionConfigurationPlatforms) = preSolution
		Debug|Any CPU = Debug|Any CPU
		Release|Any CPU = Release|Any CPU
	EndGlobalSection
	GlobalSection(ProjectConfigurationPlatforms) = postSolution
		{B0B5DAAE-0146-4C0C-B59F-4156BAEC1DA4}.Debug|Any CPU.ActiveCfg = Debug|Any CPU
		{B0B5DAAE-0146-4C0C-B59F-4156BAEC1DA4}.Debug|Any CPU.Build.0 = Debug|Any CPU
		{B0B5DAAE-0146-4C0C-B59F-4156BAEC1DA4}.Release|Any CPU.ActiveCfg = Release|Any CPU
		{B0B5DAAE-0146-4C0C-B59F-4156BAEC1DA4}.Release|Any CPU.Build.0 = Release|Any CPU
	EndGlobalSection
	GlobalSection(SolutionProperties) = preSolution
		HideSolutionNode = FALSE
	EndGlobalSection
	GlobalSection(ExtensibilityGlobals) = postSolution
		SolutionGuid = {98744B93-EE4B-4204-9A78-D4BCF452996D}
	EndGlobalSection
EndGlobal
